dependencies:
  espressif/cmake_utilities:
    component_hash: 351350613ceafba240b761b4ea991e0f231ac7a9f59a9ee901f751bddc0bb18f
    dependencies:
    - name: idf
      require: private
      version: '>=4.1'
    source:
      registry_url: https://components.espressif.com/
      type: service
    version: 0.5.3
  idf:
    source:
      type: idf
    version: 5.5.1
direct_dependencies:
- espressif/cmake_utilities
- idf
manifest_hash: 2934e846902964b84639b4b69e9d3ec399761f3a1e26bbadcb54f6845ba4ba16
target: esp32s3
version: 2.0.0
